
Microsoft Visual Studio Solution File, Format Version 12.00
# Visual Studio Version 17
VisualStudioVersion = 17.4.33213.308
MinimumVisualStudioVersion = 10.0.40219.1
Project("{FAE04EC0-301F-11D3-BF4B-00C04F79EFBC}") = "App_BancoDigital.Android", "App_BancoDigital\App_BancoDigital.Android\App_BancoDigital.Android.csproj", "{8DA44C13-8534-4DA3-A5E0-3B60FCD8D683}"
EndProject
Project("{FAE04EC0-301F-11D3-BF4B-00C04F79EFBC}") = "App_BancoDigital", "App_BancoDigital\App_BancoDigital\App_BancoDigital.csproj", "{FD113725-AF16-4AC9-A5CF-9A36E8DC14DD}"
EndProject
Global
	GlobalSection(SolutionConfigurationPlatforms) = preSolution
		Debug|Any CPU = Debug|Any CPU
		Release|Any CPU = Release|Any CPU
	EndGlobalSection
	GlobalSection(ProjectConfigurationPlatforms) = postSolution
		{8DA44C13-8534-4DA3-A5E0-3B60FCD8D683}.Debug|Any CPU.ActiveCfg = Debug|Any CPU
		{8DA44C13-8534-4DA3-A5E0-3B60FCD8D683}.Debug|Any CPU.Build.0 = Debug|Any CPU
		{8DA44C13-8534-4DA3-A5E0-3B60FCD8D683}.Debug|Any CPU.Deploy.0 = Debug|Any CPU
		{8DA44C13-8534-4DA3-A5E0-3B60FCD8D683}.Release|Any CPU.ActiveCfg = Release|Any CPU
		{8DA44C13-8534-4DA3-A5E0-3B60FCD8D683}.Release|Any CPU.Build.0 = Release|Any CPU
		{8DA44C13-8534-4DA3-A5E0-3B60FCD8D683}.Release|Any CPU.Deploy.0 = Release|Any CPU
		{FD113725-AF16-4AC9-A5CF-9A36E8DC14DD}.Debug|Any CPU.ActiveCfg = Debug|Any CPU
		{FD113725-AF16-4AC9-A5CF-9A36E8DC14DD}.Debug|Any CPU.Build.0 = Debug|Any CPU
		{FD113725-AF16-4AC9-A5CF-9A36E8DC14DD}.Debug|Any CPU.Deploy.0 = Debug|Any CPU
		{FD113725-AF16-4AC9-A5CF-9A36E8DC14DD}.Release|Any CPU.ActiveCfg = Release|Any CPU
		{FD113725-AF16-4AC9-A5CF-9A36E8DC14DD}.Release|Any CPU.Build.0 = Release|Any CPU
		{FD113725-AF16-4AC9-A5CF-9A36E8DC14DD}.Release|Any CPU.Deploy.0 = Release|Any CPU
	EndGlobalSection
	GlobalSection(SolutionProperties) = preSolution
		HideSolutionNode = FALSE
	EndGlobalSection
	GlobalSection(ExtensibilityGlobals) = postSolution
		SolutionGuid = {D1759522-168C-4FDA-9DF7-230CCBD6364B}
	EndGlobalSection
EndGlobal
